// !$*UTF8*$!
{
	archiveVersion = 1;
	classes = {
	};
	objectVersion = 56;
	objects = {

/* Begin PBXBuildFile section */
		6439415D2C68C77F00B4B1C8 /* SettingsView.swift in Sources */ = {isa = PBXBuildFile; fileRef = 6439415C2C68C77F00B4B1C8 /* SettingsView.swift */; };
		6439415F2C68C7BA00B4B1C8 /* TrashView.swift in Sources */ = {isa = PBXBuildFile; fileRef = 6439415E2C68C7BA00B4B1C8 /* TrashView.swift */; };
		643941612C68C85600B4B1C8 /* SavedItemsView.swift in Sources */ = {isa = PBXBuildFile; fileRef = 643941602C68C85600B4B1C8 /* SavedItemsView.swift */; };
		643941632C68CA5F00B4B1C8 /* IntroView.swift in Sources */ = {isa = PBXBuildFile; fileRef = 643941622C68CA5F00B4B1C8 /* IntroView.swift */; };
		64FF33342C64ED41001AB172 /* ClipboardApp.swift in Sources */ = {isa = PBXBuildFile; fileRef = 64FF33332C64ED41001AB172 /* ClipboardApp.swift */; };
		64FF33362C64ED41001AB172 /* MainView.swift in Sources */ = {isa = PBXBuildFile; fileRef = 64FF33352C64ED41001AB172 /* MainView.swift */; };
		64FF33382C64ED43001AB172 /* Assets.xcassets in Resources */ = {isa = PBXBuildFile; fileRef = 64FF33372C64ED43001AB172 /* Assets.xcassets */; };
		64FF333B2C64ED43001AB172 /* Preview Assets.xcassets in Resources */ = {isa = PBXBuildFile; fileRef = 64FF333A2C64ED43001AB172 /* Preview Assets.xcassets */; };
		64FF33442C660C8A001AB172 /* Shortcuts.swift in Sources */ = {isa = PBXBuildFile; fileRef = 64FF33432C660C8A001AB172 /* Shortcuts.swift */; };
		64FF33462C661590001AB172 /* ItemsModel.swift in Sources */ = {isa = PBXBuildFile; fileRef = 64FF33452C661590001AB172 /* ItemsModel.swift */; };
/* End PBXBuildFile section */

/* Begin PBXFileReference section */
		6439415C2C68C77F00B4B1C8 /* SettingsView.swift */ = {isa = PBXFileReference; lastKnownFileType = sourcecode.swift; path = SettingsView.swift; sourceTree = "<group>"; };
		6439415E2C68C7BA00B4B1C8 /* TrashView.swift */ = {isa = PBXFileReference; lastKnownFileType = sourcecode.swift; path = TrashView.swift; sourceTree = "<group>"; };
		643941602C68C85600B4B1C8 /* SavedItemsView.swift */ = {isa = PBXFileReference; lastKnownFileType = sourcecode.swift; path = SavedItemsView.swift; sourceTree = "<group>"; };
		643941622C68CA5F00B4B1C8 /* IntroView.swift */ = {isa = PBXFileReference; lastKnownFileType = sourcecode.swift; path = IntroView.swift; sourceTree = "<group>"; };
		64FF33302C64ED41001AB172 /* Clipboard.app */ = {isa = PBXFileReference; explicitFileType = wrapper.application; includeInIndex = 0; path = Clipboard.app; sourceTree = BUILT_PRODUCTS_DIR; };
		64FF33332C64ED41001AB172 /* ClipboardApp.swift */ = {isa = PBXFileReference; lastKnownFileType = sourcecode.swift; path = ClipboardApp.swift; sourceTree = "<group>"; };
		64FF33352C64ED41001AB172 /* MainView.swift */ = {isa = PBXFileReference; lastKnownFileType = sourcecode.swift; path = MainView.swift; sourceTree = "<group>"; };
		64FF33372C64ED43001AB172 /* Assets.xcassets */ = {isa = PBXFileReference; lastKnownFileType = folder.assetcatalog; path = Assets.xcassets; sourceTree = "<group>"; };
		64FF333A2C64ED43001AB172 /* Preview Assets.xcassets */ = {isa = PBXFileReference; lastKnownFileType = folder.assetcatalog; path = "Preview Assets.xcassets"; sourceTree = "<group>"; };
		64FF33432C660C8A001AB172 /* Shortcuts.swift */ = {isa = PBXFileReference; lastKnownFileType = sourcecode.swift; path = Shortcuts.swift; sourceTree = "<group>"; };
		64FF33452C661590001AB172 /* ItemsModel.swift */ = {isa = PBXFileReference; lastKnownFileType = sourcecode.swift; path = ItemsModel.swift; sourceTree = "<group>"; };
/* End PBXFileReference section */

/* Begin PBXFrameworksBuildPhase section */
		64FF332D2C64ED41001AB172 /* Frameworks */ = {
			isa = PBXFrameworksBuildPhase;
			buildActionMask = 2147483647;
			files = (
			);
			runOnlyForDeploymentPostprocessing = 0;
		};
/* End PBXFrameworksBuildPhase section */

/* Begin PBXGroup section */
		64FF33272C64ED41001AB172 = {
			isa = PBXGroup;
			children = (
				64FF33322C64ED41001AB172 /* Clipboard */,
				64FF33312C64ED41001AB172 /* Products */,
			);
			sourceTree = "<group>";
		};
		64FF33312C64ED41001AB172 /* Products */ = {
			isa = PBXGroup;
			children = (
				64FF33302C64ED41001AB172 /* Clipboard.app */,
			);
			name = Products;
			sourceTree = "<group>";
		};
		64FF33322C64ED41001AB172 /* Clipboard */ = {
			isa = PBXGroup;
			children = (
				64FF33332C64ED41001AB172 /* ClipboardApp.swift */,
				64FF33352C64ED41001AB172 /* MainView.swift */,
				64FF33422C660C72001AB172 /* Views */,
				64FF33412C660C6A001AB172 /* Models */,
				64FF33372C64ED43001AB172 /* Assets.xcassets */,
				64FF33392C64ED43001AB172 /* Preview Content */,
			);
			path = Clipboard;
			sourceTree = "<group>";
		};
		64FF33392C64ED43001AB172 /* Preview Content */ = {
			isa = PBXGroup;
			children = (
				64FF333A2C64ED43001AB172 /* Preview Assets.xcassets */,
			);
			path = "Preview Content";
			sourceTree = "<group>";
		};
		64FF33412C660C6A001AB172 /* Models */ = {
			isa = PBXGroup;
			children = (
				64FF33452C661590001AB172 /* ItemsModel.swift */,
				64FF33432C660C8A001AB172 /* Shortcuts.swift */,
			);
			path = Models;
			sourceTree = "<group>";
		};
		64FF33422C660C72001AB172 /* Views */ = {
			isa = PBXGroup;
			children = (
				643941602C68C85600B4B1C8 /* SavedItemsView.swift */,
				6439415E2C68C7BA00B4B1C8 /* TrashView.swift */,
				6439415C2C68C77F00B4B1C8 /* SettingsView.swift */,
				643941622C68CA5F00B4B1C8 /* IntroView.swift */,
			);
			path = Views;
			sourceTree = "<group>";
		};
/* End PBXGroup section */

/* Begin PBXNativeTarget section */
		64FF332F2C64ED41001AB172 /* Clipboard */ = {
			isa = PBXNativeTarget;
			buildConfigurationList = 64FF333E2C64ED43001AB172 /* Build configuration list for PBXNativeTarget "Clipboard" */;
			buildPhases = (
				64FF332C2C64ED41001AB172 /* Sources */,
				64FF332D2C64ED41001AB172 /* Frameworks */,
				64FF332E2C64ED41001AB172 /* Resources */,
			);
			buildRules = (
			);
			dependencies = (
			);
			name = Clipboard;
			productName = Clipboard;
			productReference = 64FF33302C64ED41001AB172 /* Clipboard.app */;
			productType = "com.apple.product-type.application";
		};
/* End PBXNativeTarget section */

/* Begin PBXProject section */
		64FF33282C64ED41001AB172 /* Project object */ = {
			isa = PBXProject;
			attributes = {
				BuildIndependentTargetsInParallel = 1;
				LastSwiftUpdateCheck = 1540;
				LastUpgradeCheck = 1540;
				TargetAttributes = {
					64FF332F2C64ED41001AB172 = {
						CreatedOnToolsVersion = 15.4;
					};
				};
			};
			buildConfigurationList = 64FF332B2C64ED41001AB172 /* Build configuration list for PBXProject "Clipboard" */;
			compatibilityVersion = "Xcode 14.0";
			developmentRegion = en;
			hasScannedForEncodings = 0;
			knownRegions = (
				en,
				Base,
			);
			mainGroup = 64FF33272C64ED41001AB172;
			productRefGroup = 64FF33312C64ED41001AB172 /* Products */;
			projectDirPath = "";
			projectRoot = "";
			targets = (
				64FF332F2C64ED41001AB172 /* Clipboard */,
			);
		};
/* End PBXProject section */

/* Begin PBXResourcesBuildPhase section */
		64FF332E2C64ED41001AB172 /* Resources */ = {
			isa = PBXResourcesBuildPhase;
			buildActionMask = 2147483647;
			files = (
				64FF333B2C64ED43001AB172 /* Preview Assets.xcassets in Resources */,
				64FF33382C64ED43001AB172 /* Assets.xcassets in Resources */,
			);
			runOnlyForDeploymentPostprocessing = 0;
		};
/* End PBXResourcesBuildPhase section */

/* Begin PBXSourcesBuildPhase section */
		64FF332C2C64ED41001AB172 /* Sources */ = {
			isa = PBXSourcesBuildPhase;
			buildActionMask = 2147483647;
			files = (
				643941612C68C85600B4B1C8 /* SavedItemsView.swift in Sources */,
				643941632C68CA5F00B4B1C8 /* IntroView.swift in Sources */,
				6439415D2C68C77F00B4B1C8 /* SettingsView.swift in Sources */,
				6439415F2C68C7BA00B4B1C8 /* TrashView.swift in Sources */,
				64FF33362C64ED41001AB172 /* MainView.swift in Sources */,
				64FF33342C64ED41001AB172 /* ClipboardApp.swift in Sources */,
				64FF33462C661590001AB172 /* ItemsModel.swift in Sources */,
				64FF33442C660C8A001AB172 /* Shortcuts.swift in Sources */,
			);
			runOnlyForDeploymentPostprocessing = 0;
		};
/* End PBXSourcesBuildPhase section */

/* Begin XCBuildConfiguration section */
		64FF333C2C64ED43001AB172 /* Debug */ = {
			isa = XCBuildConfiguration;
			buildSettings = {
				ALWAYS_SEARCH_USER_PATHS = NO;
				ASSETCATALOG_COMPILER_GENERATE_SWIFT_ASSET_SYMBOL_EXTENSIONS = YES;
				CLANG_ANALYZER_NONNULL = YES;
				CLANG_ANALYZER_NUMBER_OBJECT_CONVERSION = YES_AGGRESSIVE;
				CLANG_CXX_LANGUAGE_STANDARD = "gnu++20";
				CLANG_ENABLE_MODULES = YES;
				CLANG_ENABLE_OBJC_ARC = YES;
				CLANG_ENABLE_OBJC_WEAK = YES;
				CLANG_WARN_BLOCK_CAPTURE_AUTORELEASING = YES;
				CLANG_WARN_BOOL_CONVERSION = YES;
				CLANG_WARN_COMMA = YES;
				CLANG_WARN_CONSTANT_CONVERSION = YES;
				CLANG_WARN_DEPRECATED_OBJC_IMPLEMENTATIONS = YES;
				CLANG_WARN_DIRECT_OBJC_ISA_USAGE = YES_ERROR;
				CLANG_WARN_DOCUMENTATION_COMMENTS = YES;
				CLANG_WARN_EMPTY_BODY = YES;
				CLANG_WARN_ENUM_CONVERSION = YES;
				CLANG_WARN_INFINITE_RECURSION = YES;
				CLANG_WARN_INT_CONVERSION = YES;
				CLANG_WARN_NON_LITERAL_NULL_CONVERSION = YES;
				CLANG_WARN_OBJC_IMPLICIT_RETAIN_SELF = YES;
				CLANG_WARN_OBJC_LITERAL_CONVERSION = YES;
				CLANG_WARN_OBJC_ROOT_CLASS = YES_ERROR;
				CLANG_WARN_QUOTED_INCLUDE_IN_FRAMEWORK_HEADER = YES;
				CLANG_WARN_RANGE_LOOP_ANALYSIS = YES;
				CLANG_WARN_STRICT_PROTOTYPES = YES;
				CLANG_WARN_SUSPICIOUS_MOVE = YES;
				CLANG_WARN_UNGUARDED_AVAILABILITY = YES_AGGRESSIVE;
				CLANG_WARN_UNREACHABLE_CODE = YES;
				CLANG_WARN__DUPLICATE_METHOD_MATCH = YES;
				COPY_PHASE_STRIP = NO;
				DEBUG_INFORMATION_FORMAT = dwarf;
				ENABLE_STRICT_OBJC_MSGSEND = YES;
				ENABLE_TESTABILITY = YES;
				ENABLE_USER_SCRIPT_SANDBOXING = YES;
				GCC_C_LANGUAGE_STANDARD = gnu17;
				GCC_DYNAMIC_NO_PIC = NO;
				GCC_NO_COMMON_BLOCKS = YES;
				GCC_OPTIMIZATION_LEVEL = 0;
				GCC_PREPROCESSOR_DEFINITIONS = (
					"DEBUG=1",
					"$(inherited)",
				);
				GCC_WARN_64_TO_32_BIT_CONVERSION = YES;
				GCC_WARN_ABOUT_RETURN_TYPE = YES_ERROR;
				GCC_WARN_UNDECLARED_SELECTOR = YES;
				GCC_WARN_UNINITIALIZED_AUTOS = YES_AGGRESSIVE;
				GCC_WARN_UNUSED_FUNCTION = YES;
				GCC_WARN_UNUSED_VARIABLE = YES;
				IPHONEOS_DEPLOYMENT_TARGET = 17.0;
				LOCALIZATION_PREFERS_STRING_CATALOGS = YES;
				MTL_ENABLE_DEBUG_INFO = INCLUDE_SOURCE;
				MTL_FAST_MATH = YES;
				ONLY_ACTIVE_ARCH = YES;
				SDKROOT = iphoneos;
				SWIFT_ACTIVE_COMPILATION_CONDITIONS = "DEBUG $(inherited)";
				SWIFT_OPTIMIZATION_LEVEL = "-Onone";
			};
			name = Debug;
		};
		64FF333D2C64ED43001AB172 /* Release */ = {
			isa = XCBuildConfiguration;
			buildSettings = {
				ALWAYS_SEARCH_USER_PATHS = NO;
				ASSETCATALOG_COMPILER_GENERATE_SWIFT_ASSET_SYMBOL_EXTENSIONS = YES;
				CLANG_ANALYZER_NONNULL = YES;
				CLANG_ANALYZER_NUMBER_OBJECT_CONVERSION = YES_AGGRESSIVE;
				CLANG_CXX_LANGUAGE_STANDARD = "gnu++20";
				CLANG_ENABLE_MODULES = YES;
				CLANG_ENABLE_OBJC_ARC = YES;
				CLANG_ENABLE_OBJC_WEAK = YES;
				CLANG_WARN_BLOCK_CAPTURE_AUTORELEASING = YES;
				CLANG_WARN_BOOL_CONVERSION = YES;
				CLANG_WARN_COMMA = YES;
				CLANG_WARN_CONSTANT_CONVERSION = YES;
				CLANG_WARN_DEPRECATED_OBJC_IMPLEMENTATIONS = YES;
				CLANG_WARN_DIRECT_OBJC_ISA_USAGE = YES_ERROR;
				CLANG_WARN_DOCUMENTATION_COMMENTS = YES;
				CLANG_WARN_EMPTY_BODY = YES;
				CLANG_WARN_ENUM_CONVERSION = YES;
				CLANG_WARN_INFINITE_RECURSION = YES;
				CLANG_WARN_INT_CONVERSION = YES;
				CLANG_WARN_NON_LITERAL_NULL_CONVERSION = YES;
				CLANG_WARN_OBJC_IMPLICIT_RETAIN_SELF = YES;
				CLANG_WARN_OBJC_LITERAL_CONVERSION = YES;
				CLANG_WARN_OBJC_ROOT_CLASS = YES_ERROR;
				CLANG_WARN_QUOTED_INCLUDE_IN_FRAMEWORK_HEADER = YES;
				CLANG_WARN_RANGE_LOOP_ANALYSIS = YES;
				CLANG_WARN_STRICT_PROTOTYPES = YES;
				CLANG_WARN_SUSPICIOUS_MOVE = YES;
				CLANG_WARN_UNGUARDED_AVAILABILITY = YES_AGGRESSIVE;
				CLANG_WARN_UNREACHABLE_CODE = YES;
				CLANG_WARN__DUPLICATE_METHOD_MATCH = YES;
				COPY_PHASE_STRIP = NO;
				DEBUG_INFORMATION_FORMAT = "dwarf-with-dsym";
				ENABLE_NS_ASSERTIONS = NO;
				ENABLE_STRICT_OBJC_MSGSEND = YES;
				ENABLE_USER_SCRIPT_SANDBOXING = YES;
				GCC_C_LANGUAGE_STANDARD = gnu17;
				GCC_NO_COMMON_BLOCKS = YES;
				GCC_WARN_64_TO_32_BIT_CONVERSION = YES;
				GCC_WARN_ABOUT_RETURN_TYPE = YES_ERROR;
				GCC_WARN_UNDECLARED_SELECTOR = YES;
				GCC_WARN_UNINITIALIZED_AUTOS = YES_AGGRESSIVE;
				GCC_WARN_UNUSED_FUNCTION = YES;
				GCC_WARN_UNUSED_VARIABLE = YES;
				IPHONEOS_DEPLOYMENT_TARGET = 17.0;
				LOCALIZATION_PREFERS_STRING_CATALOGS = YES;
				MTL_ENABLE_DEBUG_INFO = NO;
				MTL_FAST_MATH = YES;
				SDKROOT = iphoneos;
				SWIFT_COMPILATION_MODE = wholemodule;
				VALIDATE_PRODUCT = YES;
			};
			name = Release;
		};
		64FF333F2C64ED43001AB172 /* Debug */ = {
			isa = XCBuildConfiguration;
			buildSettings = {
				ASSETCATALOG_COMPILER_APPICON_NAME = AppIcon;
				ASSETCATALOG_COMPILER_GLOBAL_ACCENT_COLOR_NAME = AccentColor;
				CODE_SIGN_STYLE = Automatic;
				CURRENT_PROJECT_VERSION = 1;
				DEVELOPMENT_ASSET_PATHS = "\"Clipboard/Preview Content\"";
				DEVELOPMENT_TEAM = 79QAXFUAX6;
				ENABLE_PREVIEWS = YES;
				GENERATE_INFOPLIST_FILE = YES;
				INFOPLIST_KEY_LSApplicationCategoryType = "public.app-category.utilities";
				INFOPLIST_KEY_UIApplicationSceneManifest_Generation = YES;
				INFOPLIST_KEY_UIApplicationSupportsIndirectInputEvents = YES;
				INFOPLIST_KEY_UILaunchScreen_Generation = YES;
				INFOPLIST_KEY_UISupportedInterfaceOrientations = UIInterfaceOrientationPortrait;
				INFOPLIST_KEY_UISupportedInterfaceOrientations_iPad = "UIInterfaceOrientationLandscapeLeft UIInterfaceOrientationLandscapeRight UIInterfaceOrientationPortrait UIInterfaceOrientationPortraitUpsideDown";
				IPHONEOS_DEPLOYMENT_TARGET = 17.0;
				LD_RUNPATH_SEARCH_PATHS = (
					"$(inherited)",
					"@executable_path/Frameworks",
				);
				MARKETING_VERSION = 1.0;
				PRODUCT_BUNDLE_IDENTIFIER = com.ddvniele.Clipboard;
				PRODUCT_NAME = "$(TARGET_NAME)";
				SUPPORTED_PLATFORMS = "iphoneos iphonesimulator";
				SUPPORTS_MACCATALYST = NO;
				SUPPORTS_MAC_DESIGNED_FOR_IPHONE_IPAD = NO;
				SUPPORTS_XR_DESIGNED_FOR_IPHONE_IPAD = NO;
				SWIFT_EMIT_LOC_STRINGS = YES;
				SWIFT_VERSION = 5.0;
				TARGETED_DEVICE_FAMILY = 1;
			};
			name = Debug;
		};
		64FF33402C64ED43001AB172 /* Release */ = {
			isa = XCBuildConfiguration;
			buildSettings = {
				ASSETCATALOG_COMPILER_APPICON_NAME = AppIcon;
				ASSETCATALOG_COMPILER_GLOBAL_ACCENT_COLOR_NAME = AccentColor;
				CODE_SIGN_STYLE = Automatic;
				CURRENT_PROJECT_VERSION = 1;
				DEVELOPMENT_ASSET_PATHS = "\"Clipboard/Preview Content\"";
				DEVELOPMENT_TEAM = 79QAXFUAX6;
				ENABLE_PREVIEWS = YES;
				GENERATE_INFOPLIST_FILE = YES;
				INFOPLIST_KEY_LSApplicationCategoryType = "public.app-category.utilities";
				INFOPLIST_KEY_UIApplicationSceneManifest_Generation = YES;
				INFOPLIST_KEY_UIApplicationSupportsIndirectInputEvents = YES;
				INFOPLIST_KEY_UILaunchScreen_Generation = YES;
				INFOPLIST_KEY_UISupportedInterfaceOrientations = UIInterfaceOrientationPortrait;
				INFOPLIST_KEY_UISupportedInterfaceOrientations_iPad = "UIInterfaceOrientationLandscapeLeft UIInterfaceOrientationLandscapeRight UIInterfaceOrientationPortrait UIInterfaceOrientationPortraitUpsideDown";
				IPHONEOS_DEPLOYMENT_TARGET = 17.0;
				LD_RUNPATH_SEARCH_PATHS = (
					"$(inherited)",
					"@executable_path/Frameworks",
				);
				MARKETING_VERSION = 1.0;
				PRODUCT_BUNDLE_IDENTIFIER = com.ddvniele.Clipboard;
				PRODUCT_NAME = "$(TARGET_NAME)";
				SUPPORTED_PLATFORMS = "iphoneos iphonesimulator";
				SUPPORTS_MACCATALYST = NO;
				SUPPORTS_MAC_DESIGNED_FOR_IPHONE_IPAD = NO;
				SUPPORTS_XR_DESIGNED_FOR_IPHONE_IPAD = NO;
				SWIFT_EMIT_LOC_STRINGS = YES;
				SWIFT_VERSION = 5.0;
				TARGETED_DEVICE_FAMILY = 1;
			};
			name = Release;
		};
/* End XCBuildConfiguration section */

/* Begin XCConfigurationList section */
		64FF332B2C64ED41001AB172 /* Build configuration list for PBXProject "Clipboard" */ = {
			isa = XCConfigurationList;
			buildConfigurations = (
				64FF333C2C64ED43001AB172 /* Debug */,
				64FF333D2C64ED43001AB172 /* Release */,
			);
			defaultConfigurationIsVisible = 0;
			defaultConfigurationName = Release;
		};
		64FF333E2C64ED43001AB172 /* Build configuration list for PBXNativeTarget "Clipboard" */ = {
			isa = XCConfigurationList;
			buildConfigurations = (
				64FF333F2C64ED43001AB172 /* Debug */,
				64FF33402C64ED43001AB172 /* Release */,
			);
			defaultConfigurationIsVisible = 0;
			defaultConfigurationName = Release;
		};
/* End XCConfigurationList section */
	};
	rootObject = 64FF33282C64ED41001AB172 /* Project object */;
}
